
Microsoft Visual Studio Solution File, Format Version 12.00
# Visual Studio Version 16
VisualStudioVersion = 16.0.31624.102
MinimumVisualStudioVersion = 10.0.40219.1
Project("{FAE04EC0-301F-11D3-BF4B-00C04F79EFBC}") = "Videojuegos_Heladio.API", "Videojuegos_Heladio.API\Videojuegos_Heladio.API.csproj", "{46BA252D-0E28-4F71-9A2B-A3BB65712D11}"
EndProject
Global
	GlobalSection(SolutionConfigurationPlatforms) = preSolution
		Debug|Any CPU = Debug|Any CPU
		Release|Any CPU = Release|Any CPU
	EndGlobalSection
	GlobalSection(ProjectConfigurationPlatforms) = postSolution
		{46BA252D-0E28-4F71-9A2B-A3BB65712D11}.Debug|Any CPU.ActiveCfg = Debug|Any CPU
		{46BA252D-0E28-4F71-9A2B-A3BB65712D11}.Debug|Any CPU.Build.0 = Debug|Any CPU
		{46BA252D-0E28-4F71-9A2B-A3BB65712D11}.Release|Any CPU.ActiveCfg = Release|Any CPU
		{46BA252D-0E28-4F71-9A2B-A3BB65712D11}.Release|Any CPU.Build.0 = Release|Any CPU
	EndGlobalSection
	GlobalSection(SolutionProperties) = preSolution
		HideSolutionNode = FALSE
	EndGlobalSection
	GlobalSection(ExtensibilityGlobals) = postSolution
		SolutionGuid = {CC1DBCCB-3709-42B4-A3F8-1EDC34CCE8F0}
	EndGlobalSection
EndGlobal
